{
    "requires": true,
    "lockfileVersion": 1,
    "dependencies": {
        "jarallax": {
            "version": "1.9.3",
            "resolved": "https://registry.npmjs.org/jarallax/-/jarallax-1.9.3.tgz",
            "integrity": "sha512-bDZsyHcSZwalFZIf0rG0AV4hjr/1FU5ZlQEBXLyx2AqTY0cDP8kA18VMUVMtv+nmS7EyLmSRHfQFEF+oHSem4w=="
        }
    }
}
